Microsoft Visual Studio Solution File, Format Version 12.00
# Visual Studio Version 17
VisualStudioVersion = 17.5.2.0
MinimumVisualStudioVersion = 10.0.40219.1
Project("{2150E333-8FDC-42A3-9474-1A3956D46DE8}") = "addin", "addin", "{248DCADE-B30C-421B-9278-C15E0A637E1C}"
EndProject
Project("{FAE04EC0-301F-11D3-BF4B-00C04F79EFBC}") = "my", "addin\my.csproj", "{106E104C-A600-40AB-97D0-39E55387B6FE}"
EndProject
Global
	GlobalSection(SolutionConfigurationPlatforms) = preSolution
		Debug|Any CPU = Debug|Any CPU
		Release|Any CPU = Release|Any CPU
	EndGlobalSection
	GlobalSection(ProjectConfigurationPlatforms) = postSolution
		{106E104C-A600-40AB-97D0-39E55387B6FE}.Debug|Any CPU.ActiveCfg = Debug|Any CPU
		{106E104C-A600-40AB-97D0-39E55387B6FE}.Debug|Any CPU.Build.0 = Debug|Any CPU
		{106E104C-A600-40AB-97D0-39E55387B6FE}.Release|Any CPU.ActiveCfg = Release|Any CPU
		{106E104C-A600-40AB-97D0-39E55387B6FE}.Release|Any CPU.Build.0 = Release|Any CPU
	EndGlobalSection
	GlobalSection(SolutionProperties) = preSolution
		HideSolutionNode = FALSE
	EndGlobalSection
	GlobalSection(NestedProjects) = preSolution
		{106E104C-A600-40AB-97D0-39E55387B6FE} = {248DCADE-B30C-421B-9278-C15E0A637E1C}
	EndGlobalSection
	GlobalSection(ExtensibilityGlobals) = postSolution
		SolutionGuid = {2A2A571C-C598-4E9F-9397-D01FD2E9BBFF}
	EndGlobalSection
EndGlobal
